
Microsoft Visual Studio Solution File, Format Version 12.00
# Visual Studio 14
VisualStudioVersion = 14.0.23107.0
MinimumVisualStudioVersion = 10.0.40219.1
Project("{8BC9CEB8-8B4A-11D0-8D11-00A0C91BC942}") = "Factory", "Factory\Factory.vcxproj", "{84951A85-0D09-48C6-85ED-725B72697755}"
EndProject
Project("{8BC9CEB8-8B4A-11D0-8D11-00A0C91BC942}") = "Building", "Building\Building.vcxproj", "{78F1A88A-8686-4258-8EE3-4A69CE81F7B0}"
EndProject
Global
	GlobalSection(SolutionConfigurationPlatforms) = preSolution
		Debug|x64 = Debug|x64
		Debug|x86 = Debug|x86
		Release|x64 = Release|x64
		Release|x86 = Release|x86
	EndGlobalSection
	GlobalSection(ProjectConfigurationPlatforms) = postSolution
		{84951A85-0D09-48C6-85ED-725B72697755}.Debug|x64.ActiveCfg = Debug|x64
		{84951A85-0D09-48C6-85ED-725B72697755}.Debug|x64.Build.0 = Debug|x64
		{84951A85-0D09-48C6-85ED-725B72697755}.Debug|x86.ActiveCfg = Debug|Win32
		{84951A85-0D09-48C6-85ED-725B72697755}.Debug|x86.Build.0 = Debug|Win32
		{84951A85-0D09-48C6-85ED-725B72697755}.Release|x64.ActiveCfg = Release|x64
		{84951A85-0D09-48C6-85ED-725B72697755}.Release|x64.Build.0 = Release|x64
		{84951A85-0D09-48C6-85ED-725B72697755}.Release|x86.ActiveCfg = Release|Win32
		{84951A85-0D09-48C6-85ED-725B72697755}.Release|x86.Build.0 = Release|Win32
		{78F1A88A-8686-4258-8EE3-4A69CE81F7B0}.Debug|x64.ActiveCfg = Debug|x64
		{78F1A88A-8686-4258-8EE3-4A69CE81F7B0}.Debug|x64.Build.0 = Debug|x64
		{78F1A88A-8686-4258-8EE3-4A69CE81F7B0}.Debug|x86.ActiveCfg = Debug|Win32
		{78F1A88A-8686-4258-8EE3-4A69CE81F7B0}.Debug|x86.Build.0 = Debug|Win32
		{78F1A88A-8686-4258-8EE3-4A69CE81F7B0}.Release|x64.ActiveCfg = Release|x64
		{78F1A88A-8686-4258-8EE3-4A69CE81F7B0}.Release|x64.Build.0 = Release|x64
		{78F1A88A-8686-4258-8EE3-4A69CE81F7B0}.Release|x86.ActiveCfg = Release|Win32
		{78F1A88A-8686-4258-8EE3-4A69CE81F7B0}.Release|x86.Build.0 = Release|Win32
	EndGlobalSection
	GlobalSection(SolutionProperties) = preSolution
		HideSolutionNode = FALSE
	EndGlobalSection
EndGlobal
